// !$*UTF8*$!
{
	archiveVersion = 1;
	classes = {
	};
	objectVersion = 51;
	objects = {

/* Begin PBXBuildFile section */
		21AB73EA234EE6E6006330DC /* FloatingButton.swift in Sources */ = {isa = PBXBuildFile; fileRef = 21AB73E9234EE6E6006330DC /* FloatingButton.swift */; };
		21AB73EE234EED97006330DC /* Resource.swift in Sources */ = {isa = PBXBuildFile; fileRef = 21AB73ED234EED97006330DC /* Resource.swift */; };
		21B7019723015FBE00500E28 /* AppDelegate.swift in Sources */ = {isa = PBXBuildFile; fileRef = 21B7019623015FBE00500E28 /* AppDelegate.swift */; };
		21B7019923015FBE00500E28 /* SceneDelegate.swift in Sources */ = {isa = PBXBuildFile; fileRef = 21B7019823015FBE00500E28 /* SceneDelegate.swift */; };
		21B7019B23015FBE00500E28 /* ContentView.swift in Sources */ = {isa = PBXBuildFile; fileRef = 21B7019A23015FBE00500E28 /* ContentView.swift */; };
		21B7019D23015FBE00500E28 /* Assets.xcassets in Resources */ = {isa = PBXBuildFile; fileRef = 21B7019C23015FBE00500E28 /* Assets.xcassets */; };
		21B701A023015FBE00500E28 /* Preview Assets.xcassets in Resources */ = {isa = PBXBuildFile; fileRef = 21B7019F23015FBE00500E28 /* Preview Assets.xcassets */; };
		21B701A323015FBE00500E28 /* LaunchScreen.storyboard in Resources */ = {isa = PBXBuildFile; fileRef = 21B701A123015FBE00500E28 /* LaunchScreen.storyboard */; };
		C5B41E2D64CD9576D4581DB3 /* Pods_FloatingButton_SwiftUI.framework in Frameworks */ = {isa = PBXBuildFile; fileRef = E62B7404ED2E7B1C27D183B8 /* Pods_FloatingButton_SwiftUI.framework */; };
/* End PBXBuildFile section */

/* Begin PBXFileReference section */
		21AB73E9234EE6E6006330DC /* FloatingButton.swift */ = {isa = PBXFileReference; lastKnownFileType = sourcecode.swift; path = FloatingButton.swift; sourceTree = "<group>"; };
		21AB73ED234EED97006330DC /* Resource.swift */ = {isa = PBXFileReference; lastKnownFileType = sourcecode.swift; path = Resource.swift; sourceTree = "<group>"; };
		21B7019323015FBE00500E28 /* FloatingButton-SwiftUI.app */ = {isa = PBXFileReference; explicitFileType = wrapper.application; includeInIndex = 0; path = "FloatingButton-SwiftUI.app"; sourceTree = BUILT_PRODUCTS_DIR; };
		21B7019623015FBE00500E28 /* AppDelegate.swift */ = {isa = PBXFileReference; lastKnownFileType = sourcecode.swift; path = AppDelegate.swift; sourceTree = "<group>"; };
		21B7019823015FBE00500E28 /* SceneDelegate.swift */ = {isa = PBXFileReference; lastKnownFileType = sourcecode.swift; path = SceneDelegate.swift; sourceTree = "<group>"; };
		21B7019A23015FBE00500E28 /* ContentView.swift */ = {isa = PBXFileReference; lastKnownFileType = sourcecode.swift; path = ContentView.swift; sourceTree = "<group>"; };
		21B7019C23015FBE00500E28 /* Assets.xcassets */ = {isa = PBXFileReference; lastKnownFileType = folder.assetcatalog; path = Assets.xcassets; sourceTree = "<group>"; };
		21B7019F23015FBE00500E28 /* Preview Assets.xcassets */ = {isa = PBXFileReference; lastKnownFileType = folder.assetcatalog; path = "Preview Assets.xcassets"; sourceTree = "<group>"; };
		21B701A223015FBE00500E28 /* Base */ = {isa = PBXFileReference; lastKnownFileType = file.storyboard; name = Base; path = Base.lproj/LaunchScreen.storyboard; sourceTree = "<group>"; };
		21B701A423015FBE00500E28 /* Info.plist */ = {isa = PBXFileReference; lastKnownFileType = text.plist.xml; path = Info.plist; sourceTree = "<group>"; };
		31BAA92962754C95BF2766BD /* Pods-FloatingButton-SwiftUI.release.xcconfig */ = {isa = PBXFileReference; includeInIndex = 1; lastKnownFileType = text.xcconfig; name = "Pods-FloatingButton-SwiftUI.release.xcconfig"; path = "Target Support Files/Pods-FloatingButton-SwiftUI/Pods-FloatingButton-SwiftUI.release.xcconfig"; sourceTree = "<group>"; };
		B775D3545692257CC1E61190 /* Pods-FloatingButton-SwiftUI.debug.xcconfig */ = {isa = PBXFileReference; includeInIndex = 1; lastKnownFileType = text.xcconfig; name = "Pods-FloatingButton-SwiftUI.debug.xcconfig"; path = "Target Support Files/Pods-FloatingButton-SwiftUI/Pods-FloatingButton-SwiftUI.debug.xcconfig"; sourceTree = "<group>"; };
		E62B7404ED2E7B1C27D183B8 /* Pods_FloatingButton_SwiftUI.framework */ = {isa = PBXFileReference; explicitFileType = wrapper.framework; includeInIndex = 0; path = Pods_FloatingButton_SwiftUI.framework; sourceTree = BUILT_PRODUCTS_DIR; };
/* End PBXFileReference section */

/* Begin PBXFrameworksBuildPhase section */
		21B7019023015FBE00500E28 /* Frameworks */ = {
			isa = PBXFrameworksBuildPhase;
			buildActionMask = 2147483647;
			files = (
				C5B41E2D64CD9576D4581DB3 /* Pods_FloatingButton_SwiftUI.framework in Frameworks */,
			);
			runOnlyForDeploymentPostprocessing = 0;
		};
/* End PBXFrameworksBuildPhase section */

/* Begin PBXGroup section */
		21B7018A23015FBE00500E28 = {
			isa = PBXGroup;
			children = (
				21B7019523015FBE00500E28 /* FloatingButton-SwiftUI */,
				21B7019423015FBE00500E28 /* Products */,
				48325DAA3EF5E8068DF6BEDD /* Pods */,
				665449D7299F31029D979CF6 /* Frameworks */,
			);
			sourceTree = "<group>";
		};
		21B7019423015FBE00500E28 /* Products */ = {
			isa = PBXGroup;
			children = (
				21B7019323015FBE00500E28 /* FloatingButton-SwiftUI.app */,
			);
			name = Products;
			sourceTree = "<group>";
		};
		21B7019523015FBE00500E28 /* FloatingButton-SwiftUI */ = {
			isa = PBXGroup;
			children = (
				21B7019623015FBE00500E28 /* AppDelegate.swift */,
				21B7019823015FBE00500E28 /* SceneDelegate.swift */,
				21B7019A23015FBE00500E28 /* ContentView.swift */,
				21AB73E9234EE6E6006330DC /* FloatingButton.swift */,
				21AB73ED234EED97006330DC /* Resource.swift */,
				21B7019C23015FBE00500E28 /* Assets.xcassets */,
				21B701A123015FBE00500E28 /* LaunchScreen.storyboard */,
				21B701A423015FBE00500E28 /* Info.plist */,
				21B7019E23015FBE00500E28 /* Preview Content */,
			);
			path = "FloatingButton-SwiftUI";
			sourceTree = "<group>";
		};
		21B7019E23015FBE00500E28 /* Preview Content */ = {
			isa = PBXGroup;
			children = (
				21B7019F23015FBE00500E28 /* Preview Assets.xcassets */,
			);
			path = "Preview Content";
			sourceTree = "<group>";
		};
		48325DAA3EF5E8068DF6BEDD /* Pods */ = {
			isa = PBXGroup;
			children = (
				B775D3545692257CC1E61190 /* Pods-FloatingButton-SwiftUI.debug.xcconfig */,
				31BAA92962754C95BF2766BD /* Pods-FloatingButton-SwiftUI.release.xcconfig */,
			);
			path = Pods;
			sourceTree = "<group>";
		};
		665449D7299F31029D979CF6 /* Frameworks */ = {
			isa = PBXGroup;
			children = (
				E62B7404ED2E7B1C27D183B8 /* Pods_FloatingButton_SwiftUI.framework */,
			);
			name = Frameworks;
			sourceTree = "<group>";
		};
/* End PBXGroup section */

/* Begin PBXNativeTarget section */
		21B7019223015FBE00500E28 /* FloatingButton-SwiftUI */ = {
			isa = PBXNativeTarget;
			buildConfigurationList = 21B701A723015FBE00500E28 /* Build configuration list for PBXNativeTarget "FloatingButton-SwiftUI" */;
			buildPhases = (
				78E4234751E5A98F478967CC /* [CP] Check Pods Manifest.lock */,
				21B7018F23015FBE00500E28 /* Sources */,
				21B7019023015FBE00500E28 /* Frameworks */,
				21B7019123015FBE00500E28 /* Resources */,
				6357809B5E7B007A41868362 /* [CP] Embed Pods Frameworks */,
			);
			buildRules = (
			);
			dependencies = (
			);
			name = "FloatingButton-SwiftUI";
			productName = "FloatingButton-SwiftUI";
			productReference = 21B7019323015FBE00500E28 /* FloatingButton-SwiftUI.app */;
			productType = "com.apple.product-type.application";
		};
/* End PBXNativeTarget section */

/* Begin PBXProject section */
		21B7018B23015FBE00500E28 /* Project object */ = {
			isa = PBXProject;
			attributes = {
				LastSwiftUpdateCheck = 1100;
				LastUpgradeCheck = 1100;
				ORGANIZATIONNAME = Quentin;
				TargetAttributes = {
					21B7019223015FBE00500E28 = {
						CreatedOnToolsVersion = 11.0;
					};
				};
			};
			buildConfigurationList = 21B7018E23015FBE00500E28 /* Build configuration list for PBXProject "FloatingButton-SwiftUI" */;
			compatibilityVersion = "Xcode 9.3";
			developmentRegion = en;
			hasScannedForEncodings = 0;
			knownRegions = (
				en,
				Base,
			);
			mainGroup = 21B7018A23015FBE00500E28;
			productRefGroup = 21B7019423015FBE00500E28 /* Products */;
			projectDirPath = "";
			projectRoot = "";
			targets = (
				21B7019223015FBE00500E28 /* FloatingButton-SwiftUI */,
			);
		};
/* End PBXProject section */

/* Begin PBXResourcesBuildPhase section */
		21B7019123015FBE00500E28 /* Resources */ = {
			isa = PBXResourcesBuildPhase;
			buildActionMask = 2147483647;
			files = (
				21B701A323015FBE00500E28 /* LaunchScreen.storyboard in Resources */,
				21B701A023015FBE00500E28 /* Preview Assets.xcassets in Resources */,
				21B7019D23015FBE00500E28 /* Assets.xcassets in Resources */,
			);
			runOnlyForDeploymentPostprocessing = 0;
		};
/* End PBXResourcesBuildPhase section */

/* Begin PBXShellScriptBuildPhase section */
		6357809B5E7B007A41868362 /* [CP] Embed Pods Frameworks */ = {
			isa = PBXShellScriptBuildPhase;
			buildActionMask = 2147483647;
			files = (
			);
			inputFileListPaths = (
				"${PODS_ROOT}/Target Support Files/Pods-FloatingButton-SwiftUI/Pods-FloatingButton-SwiftUI-frameworks-${CONFIGURATION}-input-files.xcfilelist",
			);
			name = "[CP] Embed Pods Frameworks";
			outputFileListPaths = (
				"${PODS_ROOT}/Target Support Files/Pods-FloatingButton-SwiftUI/Pods-FloatingButton-SwiftUI-frameworks-${CONFIGURATION}-output-files.xcfilelist",
			);
			runOnlyForDeploymentPostprocessing = 0;
			shellPath = /bin/sh;
			shellScript = "\"${PODS_ROOT}/Target Support Files/Pods-FloatingButton-SwiftUI/Pods-FloatingButton-SwiftUI-frameworks.sh\"\n";
			showEnvVarsInLog = 0;
		};
		78E4234751E5A98F478967CC /* [CP] Check Pods Manifest.lock */ = {
			isa = PBXShellScriptBuildPhase;
			buildActionMask = 2147483647;
			files = (
			);
			inputFileListPaths = (
			);
			inputPaths = (
				"${PODS_PODFILE_DIR_PATH}/Podfile.lock",
				"${PODS_ROOT}/Manifest.lock",
			);
			name = "[CP] Check Pods Manifest.lock";
			outputFileListPaths = (
			);
			outputPaths = (
				"$(DERIVED_FILE_DIR)/Pods-FloatingButton-SwiftUI-checkManifestLockResult.txt",
			);
			runOnlyForDeploymentPostprocessing = 0;
			shellPath = /bin/sh;
			shellScript = "diff \"${PODS_PODFILE_DIR_PATH}/Podfile.lock\" \"${PODS_ROOT}/Manifest.lock\" > /dev/null\nif [ $? != 0 ] ; then\n    # print error to STDERR\n    echo \"error: The sandbox is not in sync with the Podfile.lock. Run 'pod install' or update your CocoaPods installation.\" >&2\n    exit 1\nfi\n# This output is used by Xcode 'outputs' to avoid re-running this script phase.\necho \"SUCCESS\" > \"${SCRIPT_OUTPUT_FILE_0}\"\n";
			showEnvVarsInLog = 0;
		};
/* End PBXShellScriptBuildPhase section */

/* Begin PBXSourcesBuildPhase section */
		21B7018F23015FBE00500E28 /* Sources */ = {
			isa = PBXSourcesBuildPhase;
			buildActionMask = 2147483647;
			files = (
				21B7019723015FBE00500E28 /* AppDelegate.swift in Sources */,
				21B7019923015FBE00500E28 /* SceneDelegate.swift in Sources */,
				21B7019B23015FBE00500E28 /* ContentView.swift in Sources */,
				21AB73EE234EED97006330DC /* Resource.swift in Sources */,
				21AB73EA234EE6E6006330DC /* FloatingButton.swift in Sources */,
			);
			runOnlyForDeploymentPostprocessing = 0;
		};
/* End PBXSourcesBuildPhase section */

/* Begin PBXVariantGroup section */
		21B701A123015FBE00500E28 /* LaunchScreen.storyboard */ = {
			isa = PBXVariantGroup;
			children = (
				21B701A223015FBE00500E28 /* Base */,
			);
			name = LaunchScreen.storyboard;
			sourceTree = "<group>";
		};
/* End PBXVariantGroup section */

/* Begin XCBuildConfiguration section */
		21B701A523015FBE00500E28 /* Debug */ = {
			isa = XCBuildConfiguration;
			buildSettings = {
				ALWAYS_SEARCH_USER_PATHS = NO;
				CLANG_ANALYZER_NONNULL = YES;
				CLANG_ANALYZER_NUMBER_OBJECT_CONVERSION = YES_AGGRESSIVE;
				CLANG_CXX_LANGUAGE_STANDARD = "gnu++14";
				CLANG_CXX_LIBRARY = "libc++";
				CLANG_ENABLE_MODULES = YES;
				CLANG_ENABLE_OBJC_ARC = YES;
				CLANG_ENABLE_OBJC_WEAK = YES;
				CLANG_WARN_BLOCK_CAPTURE_AUTORELEASING = YES;
				CLANG_WARN_BOOL_CONVERSION = YES;
				CLANG_WARN_COMMA = YES;
				CLANG_WARN_CONSTANT_CONVERSION = YES;
				CLANG_WARN_DEPRECATED_OBJC_IMPLEMENTATIONS = YES;
				CLANG_WARN_DIRECT_OBJC_ISA_USAGE = YES_ERROR;
				CLANG_WARN_DOCUMENTATION_COMMENTS = YES;
				CLANG_WARN_EMPTY_BODY = YES;
				CLANG_WARN_ENUM_CONVERSION = YES;
				CLANG_WARN_INFINITE_RECURSION = YES;
				CLANG_WARN_INT_CONVERSION = YES;
				CLANG_WARN_NON_LITERAL_NULL_CONVERSION = YES;
				CLANG_WARN_OBJC_IMPLICIT_RETAIN_SELF = YES;
				CLANG_WARN_OBJC_LITERAL_CONVERSION = YES;
				CLANG_WARN_OBJC_ROOT_CLASS = YES_ERROR;
				CLANG_WARN_RANGE_LOOP_ANALYSIS = YES;
				CLANG_WARN_STRICT_PROTOTYPES = YES;
				CLANG_WARN_SUSPICIOUS_MOVE = YES;
				CLANG_WARN_UNGUARDED_AVAILABILITY = YES_AGGRESSIVE;
				CLANG_WARN_UNREACHABLE_CODE = YES;
				CLANG_WARN__DUPLICATE_METHOD_MATCH = YES;
				COPY_PHASE_STRIP = NO;
				DEBUG_INFORMATION_FORMAT = dwarf;
				ENABLE_STRICT_OBJC_MSGSEND = YES;
				ENABLE_TESTABILITY = YES;
				GCC_C_LANGUAGE_STANDARD = gnu11;
				GCC_DYNAMIC_NO_PIC = NO;
				GCC_NO_COMMON_BLOCKS = YES;
				GCC_OPTIMIZATION_LEVEL = 0;
				GCC_PREPROCESSOR_DEFINITIONS = (
					"DEBUG=1",
					"$(inherited)",
				);
				GCC_WARN_64_TO_32_BIT_CONVERSION = YES;
				GCC_WARN_ABOUT_RETURN_TYPE = YES_ERROR;
				GCC_WARN_UNDECLARED_SELECTOR = YES;
				GCC_WARN_UNINITIALIZED_AUTOS = YES_AGGRESSIVE;
				GCC_WARN_UNUSED_FUNCTION = YES;
				GCC_WARN_UNUSED_VARIABLE = YES;
				IPHONEOS_DEPLOYMENT_TARGET = 13.0;
				MTL_ENABLE_DEBUG_INFO = INCLUDE_SOURCE;
				MTL_FAST_MATH = YES;
				ONLY_ACTIVE_ARCH = YES;
				SDKROOT = iphoneos;
				SWIFT_ACTIVE_COMPILATION_CONDITIONS = DEBUG;
				SWIFT_OPTIMIZATION_LEVEL = "-Onone";
			};
			name = Debug;
		};
		21B701A623015FBE00500E28 /* Release */ = {
			isa = XCBuildConfiguration;
			buildSettings = {
				ALWAYS_SEARCH_USER_PATHS = NO;
				CLANG_ANALYZER_NONNULL = YES;
				CLANG_ANALYZER_NUMBER_OBJECT_CONVERSION = YES_AGGRESSIVE;
				CLANG_CXX_LANGUAGE_STANDARD = "gnu++14";
				CLANG_CXX_LIBRARY = "libc++";
				CLANG_ENABLE_MODULES = YES;
				CLANG_ENABLE_OBJC_ARC = YES;
				CLANG_ENABLE_OBJC_WEAK = YES;
				CLANG_WARN_BLOCK_CAPTURE_AUTORELEASING = YES;
				CLANG_WARN_BOOL_CONVERSION = YES;
				CLANG_WARN_COMMA = YES;
				CLANG_WARN_CONSTANT_CONVERSION = YES;
				CLANG_WARN_DEPRECATED_OBJC_IMPLEMENTATIONS = YES;
				CLANG_WARN_DIRECT_OBJC_ISA_USAGE = YES_ERROR;
				CLANG_WARN_DOCUMENTATION_COMMENTS = YES;
				CLANG_WARN_EMPTY_BODY = YES;
				CLANG_WARN_ENUM_CONVERSION = YES;
				CLANG_WARN_INFINITE_RECURSION = YES;
				CLANG_WARN_INT_CONVERSION = YES;
				CLANG_WARN_NON_LITERAL_NULL_CONVERSION = YES;
				CLANG_WARN_OBJC_IMPLICIT_RETAIN_SELF = YES;
				CLANG_WARN_OBJC_LITERAL_CONVERSION = YES;
				CLANG_WARN_OBJC_ROOT_CLASS = YES_ERROR;
				CLANG_WARN_RANGE_LOOP_ANALYSIS = YES;
				CLANG_WARN_STRICT_PROTOTYPES = YES;
				CLANG_WARN_SUSPICIOUS_MOVE = YES;
				CLANG_WARN_UNGUARDED_AVAILABILITY = YES_AGGRESSIVE;
				CLANG_WARN_UNREACHABLE_CODE = YES;
				CLANG_WARN__DUPLICATE_METHOD_MATCH = YES;
				COPY_PHASE_STRIP = NO;
				DEBUG_INFORMATION_FORMAT = "dwarf-with-dsym";
				ENABLE_NS_ASSERTIONS = NO;
				ENABLE_STRICT_OBJC_MSGSEND = YES;
				GCC_C_LANGUAGE_STANDARD = gnu11;
				GCC_NO_COMMON_BLOCKS = YES;
				GCC_WARN_64_TO_32_BIT_CONVERSION = YES;
				GCC_WARN_ABOUT_RETURN_TYPE = YES_ERROR;
				GCC_WARN_UNDECLARED_SELECTOR = YES;
				GCC_WARN_UNINITIALIZED_AUTOS = YES_AGGRESSIVE;
				GCC_WARN_UNUSED_FUNCTION = YES;
				GCC_WARN_UNUSED_VARIABLE = YES;
				IPHONEOS_DEPLOYMENT_TARGET = 13.0;
				MTL_ENABLE_DEBUG_INFO = NO;
				MTL_FAST_MATH = YES;
				SDKROOT = iphoneos;
				SWIFT_COMPILATION_MODE = wholemodule;
				SWIFT_OPTIMIZATION_LEVEL = "-O";
				VALIDATE_PRODUCT = YES;
			};
			name = Release;
		};
		21B701A823015FBE00500E28 /* Debug */ = {
			isa = XCBuildConfiguration;
			baseConfigurationReference = B775D3545692257CC1E61190 /* Pods-FloatingButton-SwiftUI.debug.xcconfig */;
			buildSettings = {
				ASSETCATALOG_COMPILER_APPICON_NAME = AppIcon;
				CODE_SIGN_STYLE = Automatic;
				DEVELOPMENT_ASSET_PATHS = "FloatingButton-SwiftUI/Preview\\ Content";
				DEVELOPMENT_TEAM = BLHQ787DMR;
				ENABLE_PREVIEWS = YES;
				INFOPLIST_FILE = "FloatingButton-SwiftUI/Info.plist";
				LD_RUNPATH_SEARCH_PATHS = (
					"$(inherited)",
					"@executable_path/Frameworks",
				);
				PRODUCT_BUNDLE_IDENTIFIER = "TotoroQ.FloatingButton-SwiftUI";
				PRODUCT_NAME = "$(TARGET_NAME)";
				SWIFT_VERSION = 5.0;
				TARGETED_DEVICE_FAMILY = "1,2";
			};
			name = Debug;
		};
		21B701A923015FBE00500E28 /* Release */ = {
			isa = XCBuildConfiguration;
			baseConfigurationReference = 31BAA92962754C95BF2766BD /* Pods-FloatingButton-SwiftUI.release.xcconfig */;
			buildSettings = {
				ASSETCATALOG_COMPILER_APPICON_NAME = AppIcon;
				CODE_SIGN_STYLE = Automatic;
				DEVELOPMENT_ASSET_PATHS = "FloatingButton-SwiftUI/Preview\\ Content";
				DEVELOPMENT_TEAM = BLHQ787DMR;
				ENABLE_PREVIEWS = YES;
				INFOPLIST_FILE = "FloatingButton-SwiftUI/Info.plist";
				LD_RUNPATH_SEARCH_PATHS = (
					"$(inherited)",
					"@executable_path/Frameworks",
				);
				PRODUCT_BUNDLE_IDENTIFIER = "TotoroQ.FloatingButton-SwiftUI";
				PRODUCT_NAME = "$(TARGET_NAME)";
				SWIFT_VERSION = 5.0;
				TARGETED_DEVICE_FAMILY = "1,2";
			};
			name = Release;
		};
/* End XCBuildConfiguration section */

/* Begin XCConfigurationList section */
		21B7018E23015FBE00500E28 /* Build configuration list for PBXProject "FloatingButton-SwiftUI" */ = {
			isa = XCConfigurationList;
			buildConfigurations = (
				21B701A523015FBE00500E28 /* Debug */,
				21B701A623015FBE00500E28 /* Release */,
			);
			defaultConfigurationIsVisible = 0;
			defaultConfigurationName = Release;
		};
		21B701A723015FBE00500E28 /* Build configuration list for PBXNativeTarget "FloatingButton-SwiftUI" */ = {
			isa = XCConfigurationList;
			buildConfigurations = (
				21B701A823015FBE00500E28 /* Debug */,
				21B701A923015FBE00500E28 /* Release */,
			);
			defaultConfigurationIsVisible = 0;
			defaultConfigurationName = Release;
		};
/* End XCConfigurationList section */
	};
	rootObject = 21B7018B23015FBE00500E28 /* Project object */;
}
